
Microsoft Visual Studio Solution File, Format Version 12.00
# Visual Studio Version 17
VisualStudioVersion = 17.3.32929.385
MinimumVisualStudioVersion = 10.0.40219.1
Project("{FAE04EC0-301F-11D3-BF4B-00C04F79EFBC}") = "SnakeandLadder", "SnakeandLadder\SnakeandLadder.csproj", "{F642DC9D-85E1-481F-8DA9-B7233C20F227}"
EndProject
Global
	GlobalSection(SolutionConfigurationPlatforms) = preSolution
		Debug|Any CPU = Debug|Any CPU
		Release|Any CPU = Release|Any CPU
	EndGlobalSection
	GlobalSection(ProjectConfigurationPlatforms) = postSolution
		{F642DC9D-85E1-481F-8DA9-B7233C20F227}.Debug|Any CPU.ActiveCfg = Debug|Any CPU
		{F642DC9D-85E1-481F-8DA9-B7233C20F227}.Debug|Any CPU.Build.0 = Debug|Any CPU
		{F642DC9D-85E1-481F-8DA9-B7233C20F227}.Release|Any CPU.ActiveCfg = Release|Any CPU
		{F642DC9D-85E1-481F-8DA9-B7233C20F227}.Release|Any CPU.Build.0 = Release|Any CPU
	EndGlobalSection
	GlobalSection(SolutionProperties) = preSolution
		HideSolutionNode = FALSE
	EndGlobalSection
	GlobalSection(ExtensibilityGlobals) = postSolution
		SolutionGuid = {BD25E005-517E-4349-8D99-7E66983A73F7}
	EndGlobalSection
EndGlobal
